# This file is automatically @generated by Cargo.
# It is not intended for manual editing.
version = 4

[[package]]
name = "bitflags"
version = "2.13.1"
source = "registry+https://github.com/rust-lang/crates.io-index"
checksum = "b588b76d00fde79687d7646a9b5bdf3cc0f655e0bbd080335a95d7e96f3587da"

[[package]]
name = "kiddo-build-script-host-arch"
version = "0.0.0"
dependencies = [
 "yep-cache-line-size",
]

[[package]]
name = "libc"
version = "0.2.189"
source = "registry+https://github.com/rust-lang/crates.io-index"
checksum = "3eaf3ede3fee6db1a4c2ee091bf8a8b4dccdc6d17f656fb07896ee72867612f2"

[[package]]
name = "raw-cpuid"
version = "11.6.0"
source = "registry+https://github.com/rust-lang/crates.io-index"
checksum = "498cd0dc59d73224351ee52a95fee0f1a617a2eae0e7d9d720cc622c73a54186"
dependencies = [
 "bitflags",
]

[[package]]
name = "yep-cache-line-size"
version = "0.9.3"
source = "registry+https://github.com/rust-lang/crates.io-index"
checksum = "59dea97e5518f64cbb9468f2cd1ac59c9d0186eeb5ee6198d4bb8adfa1465499"
dependencies = [
 "libc",
 "raw-cpuid",
]
